
Microsoft Visual Studio Solution File, Format Version 12.00
# Visual Studio Version 16
VisualStudioVersion = 16.0.31624.102
MinimumVisualStudioVersion = 10.0.40219.1
Project("{2150E333-8FDC-42A3-9474-1A3956D46DE8}") = "0 - API", "0 - API", "{7D9F382D-86D8-45F9-810B-BDA8A18C1D9F}"
EndProject
Project("{2150E333-8FDC-42A3-9474-1A3956D46DE8}") = "1 - Domains", "1 - Domains", "{45AD9D93-F608-452D-A222-1EA5708F0091}"
EndProject
Project("{2150E333-8FDC-42A3-9474-1A3956D46DE8}") = "2 - Services", "2 - Services", "{B2158905-1977-42E8-9311-686F6A707E9C}"
EndProject
Project("{2150E333-8FDC-42A3-9474-1A3956D46DE8}") = "3 - Repositories", "3 - Repositories", "{8B6EB14D-6E1B-452D-89FF-C95E0FF7FF1E}"
EndProject
Project("{2150E333-8FDC-42A3-9474-1A3956D46DE8}") = "4 - Utils", "4 - Utils", "{177167F6-AFE1-4B6B-89A4-86076D1F8B12}"
EndProject
Project("{9A19103F-16F7-4668-BE54-9A1E7A4F7556}") = "CariocaMix.Domain", "CariocaMix.Domain\CariocaMix.Domain.csproj", "{D6381A39-B6C5-44B7-BFF9-DE095549BB2D}"
EndProject
Project("{9A19103F-16F7-4668-BE54-9A1E7A4F7556}") = "CariocaMix.Repository", "CariocaMix.Repository\CariocaMix.Repository.csproj", "{A8B5ABAD-43F3-46FA-9DFC-5BC2C3209389}"
EndProject
Project("{9A19103F-16F7-4668-BE54-9A1E7A4F7556}") = "CariocaMix.Service", "CariocaMix.Services\CariocaMix.Service.csproj", "{1CA77D89-CAFC-43F4-94EF-9C963809348D}"
EndProject
Project("{9A19103F-16F7-4668-BE54-9A1E7A4F7556}") = "CariocaMix.API", "CariocaMix.API\CariocaMix.API.csproj", "{491430F4-3B75-4FBB-9D09-19E39CE531EF}"
EndProject
Project("{9A19103F-16F7-4668-BE54-9A1E7A4F7556}") = "CariocaMix.Utils", "CariocaMix.Utils\CariocaMix.Utils.csproj", "{BED3267A-1FF4-44BA-A563-BBD61BAAAD36}"
EndProject
Project("{FAE04EC0-301F-11D3-BF4B-00C04F79EFBC}") = "CariocaMix.CrossCutting", "CariocaMix.CrossCutting\CariocaMix.CrossCutting.csproj", "{9C5C6F37-F3C7-4775-B757-85DE2B39D5F3}"
EndProject
Global
	GlobalSection(SolutionConfigurationPlatforms) = preSolution
		Debug|Any CPU = Debug|Any CPU
		Release|Any CPU = Release|Any CPU
	EndGlobalSection
	GlobalSection(ProjectConfigurationPlatforms) = postSolution
		{D6381A39-B6C5-44B7-BFF9-DE095549BB2D}.Debug|Any CPU.ActiveCfg = Debug|Any CPU
		{D6381A39-B6C5-44B7-BFF9-DE095549BB2D}.Debug|Any CPU.Build.0 = Debug|Any CPU
		{D6381A39-B6C5-44B7-BFF9-DE095549BB2D}.Release|Any CPU.ActiveCfg = Release|Any CPU
		{D6381A39-B6C5-44B7-BFF9-DE095549BB2D}.Release|Any CPU.Build.0 = Release|Any CPU
		{A8B5ABAD-43F3-46FA-9DFC-5BC2C3209389}.Debug|Any CPU.ActiveCfg = Debug|Any CPU
		{A8B5ABAD-43F3-46FA-9DFC-5BC2C3209389}.Debug|Any CPU.Build.0 = Debug|Any CPU
		{A8B5ABAD-43F3-46FA-9DFC-5BC2C3209389}.Release|Any CPU.ActiveCfg = Release|Any CPU
		{A8B5ABAD-43F3-46FA-9DFC-5BC2C3209389}.Release|Any CPU.Build.0 = Release|Any CPU
		{1CA77D89-CAFC-43F4-94EF-9C963809348D}.Debug|Any CPU.ActiveCfg = Debug|Any CPU
		{1CA77D89-CAFC-43F4-94EF-9C963809348D}.Debug|Any CPU.Build.0 = Debug|Any CPU
		{1CA77D89-CAFC-43F4-94EF-9C963809348D}.Release|Any CPU.ActiveCfg = Release|Any CPU
		{1CA77D89-CAFC-43F4-94EF-9C963809348D}.Release|Any CPU.Build.0 = Release|Any CPU
		{491430F4-3B75-4FBB-9D09-19E39CE531EF}.Debug|Any CPU.ActiveCfg = Debug|Any CPU
		{491430F4-3B75-4FBB-9D09-19E39CE531EF}.Debug|Any CPU.Build.0 = Debug|Any CPU
		{491430F4-3B75-4FBB-9D09-19E39CE531EF}.Release|Any CPU.ActiveCfg = Release|Any CPU
		{491430F4-3B75-4FBB-9D09-19E39CE531EF}.Release|Any CPU.Build.0 = Release|Any CPU
		{BED3267A-1FF4-44BA-A563-BBD61BAAAD36}.Debug|Any CPU.ActiveCfg = Debug|Any CPU
		{BED3267A-1FF4-44BA-A563-BBD61BAAAD36}.Debug|Any CPU.Build.0 = Debug|Any CPU
		{BED3267A-1FF4-44BA-A563-BBD61BAAAD36}.Release|Any CPU.ActiveCfg = Release|Any CPU
		{BED3267A-1FF4-44BA-A563-BBD61BAAAD36}.Release|Any CPU.Build.0 = Release|Any CPU
		{9C5C6F37-F3C7-4775-B757-85DE2B39D5F3}.Debug|Any CPU.ActiveCfg = Debug|Any CPU
		{9C5C6F37-F3C7-4775-B757-85DE2B39D5F3}.Debug|Any CPU.Build.0 = Debug|Any CPU
		{9C5C6F37-F3C7-4775-B757-85DE2B39D5F3}.Release|Any CPU.ActiveCfg = Release|Any CPU
		{9C5C6F37-F3C7-4775-B757-85DE2B39D5F3}.Release|Any CPU.Build.0 = Release|Any CPU
	EndGlobalSection
	GlobalSection(SolutionProperties) = preSolution
		HideSolutionNode = FALSE
	EndGlobalSection
	GlobalSection(NestedProjects) = preSolution
		{D6381A39-B6C5-44B7-BFF9-DE095549BB2D} = {45AD9D93-F608-452D-A222-1EA5708F0091}
		{A8B5ABAD-43F3-46FA-9DFC-5BC2C3209389} = {8B6EB14D-6E1B-452D-89FF-C95E0FF7FF1E}
		{1CA77D89-CAFC-43F4-94EF-9C963809348D} = {B2158905-1977-42E8-9311-686F6A707E9C}
		{491430F4-3B75-4FBB-9D09-19E39CE531EF} = {7D9F382D-86D8-45F9-810B-BDA8A18C1D9F}
		{BED3267A-1FF4-44BA-A563-BBD61BAAAD36} = {177167F6-AFE1-4B6B-89A4-86076D1F8B12}
		{9C5C6F37-F3C7-4775-B757-85DE2B39D5F3} = {8B6EB14D-6E1B-452D-89FF-C95E0FF7FF1E}
	EndGlobalSection
	GlobalSection(ExtensibilityGlobals) = postSolution
		SolutionGuid = {3617EE48-7276-456C-B511-43258F6F2CFC}
	EndGlobalSection
EndGlobal
